
Microsoft Visual Studio Solution File, Format Version 12.00
# Visual Studio Version 17
VisualStudioVersion = 17.6.33723.286
MinimumVisualStudioVersion = 10.0.40219.1
Project("{FAE04EC0-301F-11D3-BF4B-00C04F79EFBC}") = "StructPrac31", "StructPrac31\StructPrac31.csproj", "{D95ABF14-201C-49C0-85EB-A2D05B1C0D5D}"
EndProject
Global
	GlobalSection(SolutionConfigurationPlatforms) = preSolution
		Debug|Any CPU = Debug|Any CPU
		Release|Any CPU = Release|Any CPU
	EndGlobalSection
	GlobalSection(ProjectConfigurationPlatforms) = postSolution
		{D95ABF14-201C-49C0-85EB-A2D05B1C0D5D}.Debug|Any CPU.ActiveCfg = Debug|Any CPU
		{D95ABF14-201C-49C0-85EB-A2D05B1C0D5D}.Debug|Any CPU.Build.0 = Debug|Any CPU
		{D95ABF14-201C-49C0-85EB-A2D05B1C0D5D}.Release|Any CPU.ActiveCfg = Release|Any CPU
		{D95ABF14-201C-49C0-85EB-A2D05B1C0D5D}.Release|Any CPU.Build.0 = Release|Any CPU
	EndGlobalSection
	GlobalSection(SolutionProperties) = preSolution
		HideSolutionNode = FALSE
	EndGlobalSection
	GlobalSection(ExtensibilityGlobals) = postSolution
		SolutionGuid = {ADC240AA-2D11-44E9-9257-D97701CAB8AD}
	EndGlobalSection
EndGlobal
